// !$*UTF8*$!
{
	archiveVersion = 1;
	classes = {
	};
	objectVersion = 55;
	objects = {

/* Begin PBXBuildFile section */
		7853D0D8280B8EA500138D07 /* EmojiArtApp.swift in Sources */ = {isa = PBXBuildFile; fileRef = 7853D0D7280B8EA500138D07 /* EmojiArtApp.swift */; };
		7853D0DA280B8EA500138D07 /* EmojiArtDocumentView.swift in Sources */ = {isa = PBXBuildFile; fileRef = 7853D0D9280B8EA500138D07 /* EmojiArtDocumentView.swift */; };
		7853D0DC280B8EA700138D07 /* Assets.xcassets in Resources */ = {isa = PBXBuildFile; fileRef = 7853D0DB280B8EA700138D07 /* Assets.xcassets */; };
		7853D0DF280B8EA700138D07 /* Preview Assets.xcassets in Resources */ = {isa = PBXBuildFile; fileRef = 7853D0DE280B8EA700138D07 /* Preview Assets.xcassets */; };
		7853D0E6280B8F1C00138D07 /* EmojiArtModel.swift in Sources */ = {isa = PBXBuildFile; fileRef = 7853D0E5280B8F1C00138D07 /* EmojiArtModel.swift */; };
		7853D0E8280B92AE00138D07 /* EmojiArtModel.Background.swift in Sources */ = {isa = PBXBuildFile; fileRef = 7853D0E7280B92AE00138D07 /* EmojiArtModel.Background.swift */; };
		7853D0EA280B942F00138D07 /* EmojiArtDocument.swift in Sources */ = {isa = PBXBuildFile; fileRef = 7853D0E9280B942F00138D07 /* EmojiArtDocument.swift */; };
		7853D0ED280B982D00138D07 /* UtilityViews.swift in Sources */ = {isa = PBXBuildFile; fileRef = 7853D0EB280B982D00138D07 /* UtilityViews.swift */; };
		7853D0EE280B982D00138D07 /* UtilityExtensions.swift in Sources */ = {isa = PBXBuildFile; fileRef = 7853D0EC280B982D00138D07 /* UtilityExtensions.swift */; };
		78665B7D280DDAE0001807FE /* PaletteChooser.swift in Sources */ = {isa = PBXBuildFile; fileRef = 78665B7C280DDAE0001807FE /* PaletteChooser.swift */; };
		78665B7F280DDEF0001807FE /* PaletteEditor.swift in Sources */ = {isa = PBXBuildFile; fileRef = 78665B7E280DDEF0001807FE /* PaletteEditor.swift */; };
		78665B81280DDF1E001807FE /* PaletteManager.swift in Sources */ = {isa = PBXBuildFile; fileRef = 78665B80280DDF1E001807FE /* PaletteManager.swift */; };
		786AA28D280CCBD600AA350D /* PaletteStore.swift in Sources */ = {isa = PBXBuildFile; fileRef = 786AA28C280CCBD600AA350D /* PaletteStore.swift */; };
/* End PBXBuildFile section */

/* Begin PBXFileReference section */
		7853D0D4280B8EA500138D07 /* EmojiArt.app */ = {isa = PBXFileReference; explicitFileType = wrapper.application; includeInIndex = 0; path = EmojiArt.app; sourceTree = BUILT_PRODUCTS_DIR; };
		7853D0D7280B8EA500138D07 /* EmojiArtApp.swift */ = {isa = PBXFileReference; lastKnownFileType = sourcecode.swift; path = EmojiArtApp.swift; sourceTree = "<group>"; };
		7853D0D9280B8EA500138D07 /* EmojiArtDocumentView.swift */ = {isa = PBXFileReference; lastKnownFileType = sourcecode.swift; path = EmojiArtDocumentView.swift; sourceTree = "<group>"; };
		7853D0DB280B8EA700138D07 /* Assets.xcassets */ = {isa = PBXFileReference; lastKnownFileType = folder.assetcatalog; path = Assets.xcassets; sourceTree = "<group>"; };
		7853D0DE280B8EA700138D07 /* Preview Assets.xcassets */ = {isa = PBXFileReference; lastKnownFileType = folder.assetcatalog; path = "Preview Assets.xcassets"; sourceTree = "<group>"; };
		7853D0E5280B8F1C00138D07 /* EmojiArtModel.swift */ = {isa = PBXFileReference; lastKnownFileType = sourcecode.swift; path = EmojiArtModel.swift; sourceTree = "<group>"; };
		7853D0E7280B92AE00138D07 /* EmojiArtModel.Background.swift */ = {isa = PBXFileReference; lastKnownFileType = sourcecode.swift; path = EmojiArtModel.Background.swift; sourceTree = "<group>"; };
		7853D0E9280B942F00138D07 /* EmojiArtDocument.swift */ = {isa = PBXFileReference; lastKnownFileType = sourcecode.swift; path = EmojiArtDocument.swift; sourceTree = "<group>"; };
		7853D0EB280B982D00138D07 /* UtilityViews.swift */ = {isa = PBXFileReference; fileEncoding = 4; lastKnownFileType = sourcecode.swift; path = UtilityViews.swift; sourceTree = "<group>"; };
		7853D0EC280B982D00138D07 /* UtilityExtensions.swift */ = {isa = PBXFileReference; fileEncoding = 4; lastKnownFileType = sourcecode.swift; path = UtilityExtensions.swift; sourceTree = "<group>"; };
		78665B7C280DDAE0001807FE /* PaletteChooser.swift */ = {isa = PBXFileReference; lastKnownFileType = sourcecode.swift; path = PaletteChooser.swift; sourceTree = "<group>"; };
		78665B7E280DDEF0001807FE /* PaletteEditor.swift */ = {isa = PBXFileReference; lastKnownFileType = sourcecode.swift; path = PaletteEditor.swift; sourceTree = "<group>"; };
		78665B80280DDF1E001807FE /* PaletteManager.swift */ = {isa = PBXFileReference; lastKnownFileType = sourcecode.swift; path = PaletteManager.swift; sourceTree = "<group>"; };
		786AA28C280CCBD600AA350D /* PaletteStore.swift */ = {isa = PBXFileReference; lastKnownFileType = sourcecode.swift; path = PaletteStore.swift; sourceTree = "<group>"; };
/* End PBXFileReference section */

/* Begin PBXFrameworksBuildPhase section */
		7853D0D1280B8EA500138D07 /* Frameworks */ = {
			isa = PBXFrameworksBuildPhase;
			buildActionMask = 2147483647;
			files = (
			);
			runOnlyForDeploymentPostprocessing = 0;
		};
/* End PBXFrameworksBuildPhase section */

/* Begin PBXGroup section */
		7853D0CB280B8EA500138D07 = {
			isa = PBXGroup;
			children = (
				7853D0D6280B8EA500138D07 /* EmojiArt */,
				7853D0D5280B8EA500138D07 /* Products */,
			);
			sourceTree = "<group>";
		};
		7853D0D5280B8EA500138D07 /* Products */ = {
			isa = PBXGroup;
			children = (
				7853D0D4280B8EA500138D07 /* EmojiArt.app */,
			);
			name = Products;
			sourceTree = "<group>";
		};
		7853D0D6280B8EA500138D07 /* EmojiArt */ = {
			isa = PBXGroup;
			children = (
				7853D0D7280B8EA500138D07 /* EmojiArtApp.swift */,
				7853D0D9280B8EA500138D07 /* EmojiArtDocumentView.swift */,
				78665B7C280DDAE0001807FE /* PaletteChooser.swift */,
				78665B7E280DDEF0001807FE /* PaletteEditor.swift */,
				78665B80280DDF1E001807FE /* PaletteManager.swift */,
				7853D0E5280B8F1C00138D07 /* EmojiArtModel.swift */,
				7853D0E9280B942F00138D07 /* EmojiArtDocument.swift */,
				7853D0E7280B92AE00138D07 /* EmojiArtModel.Background.swift */,
				786AA28C280CCBD600AA350D /* PaletteStore.swift */,
				7853D0EC280B982D00138D07 /* UtilityExtensions.swift */,
				7853D0EB280B982D00138D07 /* UtilityViews.swift */,
				7853D0DB280B8EA700138D07 /* Assets.xcassets */,
				7853D0DD280B8EA700138D07 /* Preview Content */,
			);
			path = EmojiArt;
			sourceTree = "<group>";
		};
		7853D0DD280B8EA700138D07 /* Preview Content */ = {
			isa = PBXGroup;
			children = (
				7853D0DE280B8EA700138D07 /* Preview Assets.xcassets */,
			);
			path = "Preview Content";
			sourceTree = "<group>";
		};
/* End PBXGroup section */

/* Begin PBXNativeTarget section */
		7853D0D3280B8EA500138D07 /* EmojiArt */ = {
			isa = PBXNativeTarget;
			buildConfigurationList = 7853D0E2280B8EA700138D07 /* Build configuration list for PBXNativeTarget "EmojiArt" */;
			buildPhases = (
				7853D0D0280B8EA500138D07 /* Sources */,
				7853D0D1280B8EA500138D07 /* Frameworks */,
				7853D0D2280B8EA500138D07 /* Resources */,
			);
			buildRules = (
			);
			dependencies = (
			);
			name = EmojiArt;
			productName = EmojiArt;
			productReference = 7853D0D4280B8EA500138D07 /* EmojiArt.app */;
			productType = "com.apple.product-type.application";
		};
/* End PBXNativeTarget section */

/* Begin PBXProject section */
		7853D0CC280B8EA500138D07 /* Project object */ = {
			isa = PBXProject;
			attributes = {
				BuildIndependentTargetsInParallel = 1;
				LastSwiftUpdateCheck = 1330;
				LastUpgradeCheck = 1330;
				TargetAttributes = {
					7853D0D3280B8EA500138D07 = {
						CreatedOnToolsVersion = 13.3.1;
					};
				};
			};
			buildConfigurationList = 7853D0CF280B8EA500138D07 /* Build configuration list for PBXProject "EmojiArt" */;
			compatibilityVersion = "Xcode 13.0";
			developmentRegion = en;
			hasScannedForEncodings = 0;
			knownRegions = (
				en,
				Base,
			);
			mainGroup = 7853D0CB280B8EA500138D07;
			productRefGroup = 7853D0D5280B8EA500138D07 /* Products */;
			projectDirPath = "";
			projectRoot = "";
			targets = (
				7853D0D3280B8EA500138D07 /* EmojiArt */,
			);
		};
/* End PBXProject section */

/* Begin PBXResourcesBuildPhase section */
		7853D0D2280B8EA500138D07 /* Resources */ = {
			isa = PBXResourcesBuildPhase;
			buildActionMask = 2147483647;
			files = (
				7853D0DF280B8EA700138D07 /* Preview Assets.xcassets in Resources */,
				7853D0DC280B8EA700138D07 /* Assets.xcassets in Resources */,
			);
			runOnlyForDeploymentPostprocessing = 0;
		};
/* End PBXResourcesBuildPhase section */

/* Begin PBXSourcesBuildPhase section */
		7853D0D0280B8EA500138D07 /* Sources */ = {
			isa = PBXSourcesBuildPhase;
			buildActionMask = 2147483647;
			files = (
				7853D0DA280B8EA500138D07 /* EmojiArtDocumentView.swift in Sources */,
				78665B81280DDF1E001807FE /* PaletteManager.swift in Sources */,
				786AA28D280CCBD600AA350D /* PaletteStore.swift in Sources */,
				78665B7F280DDEF0001807FE /* PaletteEditor.swift in Sources */,
				7853D0D8280B8EA500138D07 /* EmojiArtApp.swift in Sources */,
				7853D0EA280B942F00138D07 /* EmojiArtDocument.swift in Sources */,
				7853D0EE280B982D00138D07 /* UtilityExtensions.swift in Sources */,
				7853D0E6280B8F1C00138D07 /* EmojiArtModel.swift in Sources */,
				7853D0E8280B92AE00138D07 /* EmojiArtModel.Background.swift in Sources */,
				7853D0ED280B982D00138D07 /* UtilityViews.swift in Sources */,
				78665B7D280DDAE0001807FE /* PaletteChooser.swift in Sources */,
			);
			runOnlyForDeploymentPostprocessing = 0;
		};
/* End PBXSourcesBuildPhase section */

/* Begin XCBuildConfiguration section */
		7853D0E0280B8EA700138D07 /* Debug */ = {
			isa = XCBuildConfiguration;
			buildSettings = {
				ALWAYS_SEARCH_USER_PATHS = NO;
				CLANG_ANALYZER_NONNULL = YES;
				CLANG_ANALYZER_NUMBER_OBJECT_CONVERSION = YES_AGGRESSIVE;
				CLANG_CXX_LANGUAGE_STANDARD = "gnu++17";
				CLANG_ENABLE_MODULES = YES;
				CLANG_ENABLE_OBJC_ARC = YES;
				CLANG_ENABLE_OBJC_WEAK = YES;
				CLANG_WARN_BLOCK_CAPTURE_AUTORELEASING = YES;
				CLANG_WARN_BOOL_CONVERSION = YES;
				CLANG_WARN_COMMA = YES;
				CLANG_WARN_CONSTANT_CONVERSION = YES;
				CLANG_WARN_DEPRECATED_OBJC_IMPLEMENTATIONS = YES;
				CLANG_WARN_DIRECT_OBJC_ISA_USAGE = YES_ERROR;
				CLANG_WARN_DOCUMENTATION_COMMENTS = YES;
				CLANG_WARN_EMPTY_BODY = YES;
				CLANG_WARN_ENUM_CONVERSION = YES;
				CLANG_WARN_INFINITE_RECURSION = YES;
				CLANG_WARN_INT_CONVERSION = YES;
				CLANG_WARN_NON_LITERAL_NULL_CONVERSION = YES;
				CLANG_WARN_OBJC_IMPLICIT_RETAIN_SELF = YES;
				CLANG_WARN_OBJC_LITERAL_CONVERSION = YES;
				CLANG_WARN_OBJC_ROOT_CLASS = YES_ERROR;
				CLANG_WARN_QUOTED_INCLUDE_IN_FRAMEWORK_HEADER = YES;
				CLANG_WARN_RANGE_LOOP_ANALYSIS = YES;
				CLANG_WARN_STRICT_PROTOTYPES = YES;
				CLANG_WARN_SUSPICIOUS_MOVE = YES;
				CLANG_WARN_UNGUARDED_AVAILABILITY = YES_AGGRESSIVE;
				CLANG_WARN_UNREACHABLE_CODE = YES;
				CLANG_WARN__DUPLICATE_METHOD_MATCH = YES;
				COPY_PHASE_STRIP = NO;
				DEBUG_INFORMATION_FORMAT = dwarf;
				ENABLE_STRICT_OBJC_MSGSEND = YES;
				ENABLE_TESTABILITY = YES;
				GCC_C_LANGUAGE_STANDARD = gnu11;
				GCC_DYNAMIC_NO_PIC = NO;
				GCC_NO_COMMON_BLOCKS = YES;
				GCC_OPTIMIZATION_LEVEL = 0;
				GCC_PREPROCESSOR_DEFINITIONS = (
					"DEBUG=1",
					"$(inherited)",
				);
				GCC_WARN_64_TO_32_BIT_CONVERSION = YES;
				GCC_WARN_ABOUT_RETURN_TYPE = YES_ERROR;
				GCC_WARN_UNDECLARED_SELECTOR = YES;
				GCC_WARN_UNINITIALIZED_AUTOS = YES_AGGRESSIVE;
				GCC_WARN_UNUSED_FUNCTION = YES;
				GCC_WARN_UNUSED_VARIABLE = YES;
				IPHONEOS_DEPLOYMENT_TARGET = 15.4;
				MTL_ENABLE_DEBUG_INFO = INCLUDE_SOURCE;
				MTL_FAST_MATH = YES;
				ONLY_ACTIVE_ARCH = YES;
				SDKROOT = iphoneos;
				SWIFT_ACTIVE_COMPILATION_CONDITIONS = DEBUG;
				SWIFT_OPTIMIZATION_LEVEL = "-Onone";
			};
			name = Debug;
		};
		7853D0E1280B8EA700138D07 /* Release */ = {
			isa = XCBuildConfiguration;
			buildSettings = {
				ALWAYS_SEARCH_USER_PATHS = NO;
				CLANG_ANALYZER_NONNULL = YES;
				CLANG_ANALYZER_NUMBER_OBJECT_CONVERSION = YES_AGGRESSIVE;
				CLANG_CXX_LANGUAGE_STANDARD = "gnu++17";
				CLANG_ENABLE_MODULES = YES;
				CLANG_ENABLE_OBJC_ARC = YES;
				CLANG_ENABLE_OBJC_WEAK = YES;
				CLANG_WARN_BLOCK_CAPTURE_AUTORELEASING = YES;
				CLANG_WARN_BOOL_CONVERSION = YES;
				CLANG_WARN_COMMA = YES;
				CLANG_WARN_CONSTANT_CONVERSION = YES;
				CLANG_WARN_DEPRECATED_OBJC_IMPLEMENTATIONS = YES;
				CLANG_WARN_DIRECT_OBJC_ISA_USAGE = YES_ERROR;
				CLANG_WARN_DOCUMENTATION_COMMENTS = YES;
				CLANG_WARN_EMPTY_BODY = YES;
				CLANG_WARN_ENUM_CONVERSION = YES;
				CLANG_WARN_INFINITE_RECURSION = YES;
				CLANG_WARN_INT_CONVERSION = YES;
				CLANG_WARN_NON_LITERAL_NULL_CONVERSION = YES;
				CLANG_WARN_OBJC_IMPLICIT_RETAIN_SELF = YES;
				CLANG_WARN_OBJC_LITERAL_CONVERSION = YES;
				CLANG_WARN_OBJC_ROOT_CLASS = YES_ERROR;
				CLANG_WARN_QUOTED_INCLUDE_IN_FRAMEWORK_HEADER = YES;
				CLANG_WARN_RANGE_LOOP_ANALYSIS = YES;
				CLANG_WARN_STRICT_PROTOTYPES = YES;
				CLANG_WARN_SUSPICIOUS_MOVE = YES;
				CLANG_WARN_UNGUARDED_AVAILABILITY = YES_AGGRESSIVE;
				CLANG_WARN_UNREACHABLE_CODE = YES;
				CLANG_WARN__DUPLICATE_METHOD_MATCH = YES;
				COPY_PHASE_STRIP = NO;
				DEBUG_INFORMATION_FORMAT = "dwarf-with-dsym";
				ENABLE_NS_ASSERTIONS = NO;
				ENABLE_STRICT_OBJC_MSGSEND = YES;
				GCC_C_LANGUAGE_STANDARD = gnu11;
				GCC_NO_COMMON_BLOCKS = YES;
				GCC_WARN_64_TO_32_BIT_CONVERSION = YES;
				GCC_WARN_ABOUT_RETURN_TYPE = YES_ERROR;
				GCC_WARN_UNDECLARED_SELECTOR = YES;
				GCC_WARN_UNINITIALIZED_AUTOS = YES_AGGRESSIVE;
				GCC_WARN_UNUSED_FUNCTION = YES;
				GCC_WARN_UNUSED_VARIABLE = YES;
				IPHONEOS_DEPLOYMENT_TARGET = 15.4;
				MTL_ENABLE_DEBUG_INFO = NO;
				MTL_FAST_MATH = YES;
				SDKROOT = iphoneos;
				SWIFT_COMPILATION_MODE = wholemodule;
				SWIFT_OPTIMIZATION_LEVEL = "-O";
				VALIDATE_PRODUCT = YES;
			};
			name = Release;
		};
		7853D0E3280B8EA700138D07 /* Debug */ = {
			isa = XCBuildConfiguration;
			buildSettings = {
				ASSETCATALOG_COMPILER_APPICON_NAME = AppIcon;
				ASSETCATALOG_COMPILER_GLOBAL_ACCENT_COLOR_NAME = AccentColor;
				CODE_SIGN_STYLE = Automatic;
				CURRENT_PROJECT_VERSION = 1;
				DEVELOPMENT_ASSET_PATHS = "\"EmojiArt/Preview Content\"";
				DEVELOPMENT_TEAM = YFANN2CD8D;
				ENABLE_PREVIEWS = YES;
				GENERATE_INFOPLIST_FILE = YES;
				INFOPLIST_KEY_UIApplicationSceneManifest_Generation = YES;
				INFOPLIST_KEY_UIApplicationSupportsIndirectInputEvents = YES;
				INFOPLIST_KEY_UILaunchScreen_Generation = YES;
				INFOPLIST_KEY_UISupportedInterfaceOrientations_iPad = "UIInterfaceOrientationPortrait UIInterfaceOrientationPortraitUpsideDown UIInterfaceOrientationLandscapeLeft UIInterfaceOrientationLandscapeRight";
				INFOPLIST_KEY_UISupportedInterfaceOrientations_iPhone = "UIInterfaceOrientationPortrait UIInterfaceOrientationLandscapeLeft UIInterfaceOrientationLandscapeRight";
				LD_RUNPATH_SEARCH_PATHS = (
					"$(inherited)",
					"@executable_path/Frameworks",
				);
				MARKETING_VERSION = 1.0;
				PRODUCT_BUNDLE_IDENTIFIER = Stanford.EmojiArt;
				PRODUCT_NAME = "$(TARGET_NAME)";
				SWIFT_EMIT_LOC_STRINGS = YES;
				SWIFT_VERSION = 5.0;
				TARGETED_DEVICE_FAMILY = "1,2";
			};
			name = Debug;
		};
		7853D0E4280B8EA700138D07 /* Release */ = {
			isa = XCBuildConfiguration;
			buildSettings = {
				ASSETCATALOG_COMPILER_APPICON_NAME = AppIcon;
				ASSETCATALOG_COMPILER_GLOBAL_ACCENT_COLOR_NAME = AccentColor;
				CODE_SIGN_STYLE = Automatic;
				CURRENT_PROJECT_VERSION = 1;
				DEVELOPMENT_ASSET_PATHS = "\"EmojiArt/Preview Content\"";
				DEVELOPMENT_TEAM = YFANN2CD8D;
				ENABLE_PREVIEWS = YES;
				GENERATE_INFOPLIST_FILE = YES;
				INFOPLIST_KEY_UIApplicationSceneManifest_Generation = YES;
				INFOPLIST_KEY_UIApplicationSupportsIndirectInputEvents = YES;
				INFOPLIST_KEY_UILaunchScreen_Generation = YES;
				INFOPLIST_KEY_UISupportedInterfaceOrientations_iPad = "UIInterfaceOrientationPortrait UIInterfaceOrientationPortraitUpsideDown UIInterfaceOrientationLandscapeLeft UIInterfaceOrientationLandscapeRight";
				INFOPLIST_KEY_UISupportedInterfaceOrientations_iPhone = "UIInterfaceOrientationPortrait UIInterfaceOrientationLandscapeLeft UIInterfaceOrientationLandscapeRight";
				LD_RUNPATH_SEARCH_PATHS = (
					"$(inherited)",
					"@executable_path/Frameworks",
				);
				MARKETING_VERSION = 1.0;
				PRODUCT_BUNDLE_IDENTIFIER = Stanford.EmojiArt;
				PRODUCT_NAME = "$(TARGET_NAME)";
				SWIFT_EMIT_LOC_STRINGS = YES;
				SWIFT_VERSION = 5.0;
				TARGETED_DEVICE_FAMILY = "1,2";
			};
			name = Release;
		};
/* End XCBuildConfiguration section */

/* Begin XCConfigurationList section */
		7853D0CF280B8EA500138D07 /* Build configuration list for PBXProject "EmojiArt" */ = {
			isa = XCConfigurationList;
			buildConfigurations = (
				7853D0E0280B8EA700138D07 /* Debug */,
				7853D0E1280B8EA700138D07 /* Release */,
			);
			defaultConfigurationIsVisible = 0;
			defaultConfigurationName = Release;
		};
		7853D0E2280B8EA700138D07 /* Build configuration list for PBXNativeTarget "EmojiArt" */ = {
			isa = XCConfigurationList;
			buildConfigurations = (
				7853D0E3280B8EA700138D07 /* Debug */,
				7853D0E4280B8EA700138D07 /* Release */,
			);
			defaultConfigurationIsVisible = 0;
			defaultConfigurationName = Release;
		};
/* End XCConfigurationList section */
	};
	rootObject = 7853D0CC280B8EA500138D07 /* Project object */;
}
